// !$*UTF8*$!
{
	archiveVersion = 1;
	classes = {
	};
	objectVersion = 55;
	objects = {

/* Begin PBXBuildFile section */
		03154FC02760C510009ABB6C /* Network.swift in Sources */ = {isa = PBXBuildFile; fileRef = 03154FBF2760C510009ABB6C /* Network.swift */; };
		03154FC32760C54B009ABB6C /* Model.swift in Sources */ = {isa = PBXBuildFile; fileRef = 03154FC22760C54B009ABB6C /* Model.swift */; };
		033072B527A13BB4009E17A9 /* ComplicationViews.swift in Sources */ = {isa = PBXBuildFile; fileRef = 033072B427A13BB4009E17A9 /* ComplicationViews.swift */; };
		035C9B922764BC95001A45FC /* PriceDetailView.swift in Sources */ = {isa = PBXBuildFile; fileRef = 035C9B912764BC95001A45FC /* PriceDetailView.swift */; };
		035C9B9427661398001A45FC /* PriceListItemView.swift in Sources */ = {isa = PBXBuildFile; fileRef = 035C9B9327661398001A45FC /* PriceListItemView.swift */; };
		03A5781D27A09DD1008CAB75 /* Assets.xcassets in Resources */ = {isa = PBXBuildFile; fileRef = 03A5781C27A09DD1008CAB75 /* Assets.xcassets */; };
		03A5782327A09DD1008CAB75 /* WatchAmberlerts WatchKit Extension.appex in Embed App Extensions */ = {isa = PBXBuildFile; fileRef = 03A5782227A09DD1008CAB75 /* WatchAmberlerts WatchKit Extension.appex */; settings = {ATTRIBUTES = (RemoveHeadersOnCopy, ); }; };
		03A5782A27A09DD1008CAB75 /* ContentView.swift in Sources */ = {isa = PBXBuildFile; fileRef = 03A5782927A09DD1008CAB75 /* ContentView.swift */; };
		03A5782C27A09DD1008CAB75 /* NotificationController.swift in Sources */ = {isa = PBXBuildFile; fileRef = 03A5782B27A09DD1008CAB75 /* NotificationController.swift */; };
		03A5782E27A09DD1008CAB75 /* NotificationView.swift in Sources */ = {isa = PBXBuildFile; fileRef = 03A5782D27A09DD1008CAB75 /* NotificationView.swift */; };
		03A5783027A09DD1008CAB75 /* ComplicationController.swift in Sources */ = {isa = PBXBuildFile; fileRef = 03A5782F27A09DD1008CAB75 /* ComplicationController.swift */; };
		03A5783227A09DD2008CAB75 /* Assets.xcassets in Resources */ = {isa = PBXBuildFile; fileRef = 03A5783127A09DD2008CAB75 /* Assets.xcassets */; };
		03A5783527A09DD2008CAB75 /* Preview Assets.xcassets in Resources */ = {isa = PBXBuildFile; fileRef = 03A5783427A09DD2008CAB75 /* Preview Assets.xcassets */; };
		03A5783A27A09DD2008CAB75 /* WatchAmberlerts.app in Embed Watch Content */ = {isa = PBXBuildFile; fileRef = 03A5781A27A09DD0008CAB75 /* WatchAmberlerts.app */; settings = {ATTRIBUTES = (RemoveHeadersOnCopy, ); }; };
		03A5784327A09EFF008CAB75 /* AmberlertsApp.swift in Sources */ = {isa = PBXBuildFile; fileRef = 03F69B5C275A42D80093E32F /* AmberlertsApp.swift */; };
		03A5784427A09EFF008CAB75 /* Network.swift in Sources */ = {isa = PBXBuildFile; fileRef = 03154FBF2760C510009ABB6C /* Network.swift */; };
		03A5784527A09EFF008CAB75 /* Model.swift in Sources */ = {isa = PBXBuildFile; fileRef = 03154FC22760C54B009ABB6C /* Model.swift */; };
		03A5784727A09F94008CAB75 /* PriceDetailView.swift in Sources */ = {isa = PBXBuildFile; fileRef = 03A5784627A09F94008CAB75 /* PriceDetailView.swift */; };
		03F69B75275A42DA0093E32F /* Tests_iOS.swift in Sources */ = {isa = PBXBuildFile; fileRef = 03F69B74275A42DA0093E32F /* Tests_iOS.swift */; };
		03F69B77275A42DA0093E32F /* Tests_iOSLaunchTests.swift in Sources */ = {isa = PBXBuildFile; fileRef = 03F69B76275A42DA0093E32F /* Tests_iOSLaunchTests.swift */; };
		03F69B84275A42DA0093E32F /* AmberlertsApp.swift in Sources */ = {isa = PBXBuildFile; fileRef = 03F69B5C275A42D80093E32F /* AmberlertsApp.swift */; };
		03F69B86275A42DA0093E32F /* ContentView.swift in Sources */ = {isa = PBXBuildFile; fileRef = 03F69B5D275A42D80093E32F /* ContentView.swift */; };
		03F69B88275A42DA0093E32F /* Assets.xcassets in Resources */ = {isa = PBXBuildFile; fileRef = 03F69B5E275A42DA0093E32F /* Assets.xcassets */; };
/* End PBXBuildFile section */

/* Begin PBXContainerItemProxy section */
		03A5782427A09DD1008CAB75 /* PBXContainerItemProxy */ = {
			isa = PBXContainerItemProxy;
			containerPortal = 03F69B57275A42D80093E32F /* Project object */;
			proxyType = 1;
			remoteGlobalIDString = 03A5782127A09DD1008CAB75;
			remoteInfo = "WatchAmberlerts WatchKit Extension";
		};
		03A5783827A09DD2008CAB75 /* PBXContainerItemProxy */ = {
			isa = PBXContainerItemProxy;
			containerPortal = 03F69B57275A42D80093E32F /* Project object */;
			proxyType = 1;
			remoteGlobalIDString = 03A5781927A09DD0008CAB75;
			remoteInfo = WatchAmberlerts;
		};
		03F69B71275A42DA0093E32F /* PBXContainerItemProxy */ = {
			isa = PBXContainerItemProxy;
			containerPortal = 03F69B57275A42D80093E32F /* Project object */;
			proxyType = 1;
			remoteGlobalIDString = 03F69B62275A42DA0093E32F;
			remoteInfo = "Amberlerts (iOS)";
		};
/* End PBXContainerItemProxy section */

/* Begin PBXCopyFilesBuildPhase section */
		0315502C2760EA13009ABB6C /* Embed App Extensions */ = {
			isa = PBXCopyFilesBuildPhase;
			buildActionMask = 2147483647;
			dstPath = "";
			dstSubfolderSpec = 13;
			files = (
			);
			name = "Embed App Extensions";
			runOnlyForDeploymentPostprocessing = 0;
		};
		03A5783B27A09DD2008CAB75 /* Embed Watch Content */ = {
			isa = PBXCopyFilesBuildPhase;
			buildActionMask = 2147483647;
			dstPath = "$(CONTENTS_FOLDER_PATH)/Watch";
			dstSubfolderSpec = 16;
			files = (
				03A5783A27A09DD2008CAB75 /* WatchAmberlerts.app in Embed Watch Content */,
			);
			name = "Embed Watch Content";
			runOnlyForDeploymentPostprocessing = 0;
		};
		03A5783E27A09DD2008CAB75 /* Embed App Extensions */ = {
			isa = PBXCopyFilesBuildPhase;
			buildActionMask = 2147483647;
			dstPath = "";
			dstSubfolderSpec = 13;
			files = (
				03A5782327A09DD1008CAB75 /* WatchAmberlerts WatchKit Extension.appex in Embed App Extensions */,
			);
			name = "Embed App Extensions";
			runOnlyForDeploymentPostprocessing = 0;
		};
/* End PBXCopyFilesBuildPhase section */

/* Begin PBXFileReference section */
		03154FBF2760C510009ABB6C /* Network.swift */ = {isa = PBXFileReference; lastKnownFileType = sourcecode.swift; path = Network.swift; sourceTree = "<group>"; };
		03154FC22760C54B009ABB6C /* Model.swift */ = {isa = PBXFileReference; lastKnownFileType = sourcecode.swift; path = Model.swift; sourceTree = "<group>"; };
		031550192760EA12009ABB6C /* WidgetKit.framework */ = {isa = PBXFileReference; lastKnownFileType = wrapper.framework; name = WidgetKit.framework; path = System/Library/Frameworks/WidgetKit.framework; sourceTree = SDKROOT; };
		0315501B2760EA12009ABB6C /* SwiftUI.framework */ = {isa = PBXFileReference; lastKnownFileType = wrapper.framework; name = SwiftUI.framework; path = System/Library/Frameworks/SwiftUI.framework; sourceTree = SDKROOT; };
		033072B427A13BB4009E17A9 /* ComplicationViews.swift */ = {isa = PBXFileReference; lastKnownFileType = sourcecode.swift; path = ComplicationViews.swift; sourceTree = "<group>"; };
		035C9B902764B8C5001A45FC /* Amberlerts--iOS--Info.plist */ = {isa = PBXFileReference; lastKnownFileType = text.plist; path = "Amberlerts--iOS--Info.plist"; sourceTree = "<group>"; };
		035C9B912764BC95001A45FC /* PriceDetailView.swift */ = {isa = PBXFileReference; lastKnownFileType = sourcecode.swift; path = PriceDetailView.swift; sourceTree = "<group>"; };
		035C9B9327661398001A45FC /* PriceListItemView.swift */ = {isa = PBXFileReference; lastKnownFileType = sourcecode.swift; path = PriceListItemView.swift; sourceTree = "<group>"; };
		035C9B9727662600001A45FC /* APIConfig.xcconfig */ = {isa = PBXFileReference; lastKnownFileType = text.xcconfig; path = APIConfig.xcconfig; sourceTree = "<group>"; };
		035C9B9827662AF2001A45FC /* README.md */ = {isa = PBXFileReference; lastKnownFileType = net.daringfireball.markdown; path = README.md; sourceTree = "<group>"; };
		03A5781A27A09DD0008CAB75 /* WatchAmberlerts.app */ = {isa = PBXFileReference; explicitFileType = wrapper.application; includeInIndex = 0; path = WatchAmberlerts.app; sourceTree = BUILT_PRODUCTS_DIR; };
		03A5781C27A09DD1008CAB75 /* Assets.xcassets */ = {isa = PBXFileReference; lastKnownFileType = folder.assetcatalog; path = Assets.xcassets; sourceTree = "<group>"; };
		03A5782227A09DD1008CAB75 /* WatchAmberlerts WatchKit Extension.appex */ = {isa = PBXFileReference; explicitFileType = "wrapper.app-extension"; includeInIndex = 0; path = "WatchAmberlerts WatchKit Extension.appex"; sourceTree = BUILT_PRODUCTS_DIR; };
		03A5782927A09DD1008CAB75 /* ContentView.swift */ = {isa = PBXFileReference; lastKnownFileType = sourcecode.swift; path = ContentView.swift; sourceTree = "<group>"; };
		03A5782B27A09DD1008CAB75 /* NotificationController.swift */ = {isa = PBXFileReference; lastKnownFileType = sourcecode.swift; path = NotificationController.swift; sourceTree = "<group>"; };
		03A5782D27A09DD1008CAB75 /* NotificationView.swift */ = {isa = PBXFileReference; lastKnownFileType = sourcecode.swift; path = NotificationView.swift; sourceTree = "<group>"; };
		03A5782F27A09DD1008CAB75 /* ComplicationController.swift */ = {isa = PBXFileReference; lastKnownFileType = sourcecode.swift; path = ComplicationController.swift; sourceTree = "<group>"; };
		03A5783127A09DD2008CAB75 /* Assets.xcassets */ = {isa = PBXFileReference; lastKnownFileType = folder.assetcatalog; path = Assets.xcassets; sourceTree = "<group>"; };
		03A5783427A09DD2008CAB75 /* Preview Assets.xcassets */ = {isa = PBXFileReference; lastKnownFileType = folder.assetcatalog; path = "Preview Assets.xcassets"; sourceTree = "<group>"; };
		03A5783627A09DD2008CAB75 /* Info.plist */ = {isa = PBXFileReference; lastKnownFileType = text.plist.xml; path = Info.plist; sourceTree = "<group>"; };
		03A5783727A09DD2008CAB75 /* PushNotificationPayload.apns */ = {isa = PBXFileReference; lastKnownFileType = text; path = PushNotificationPayload.apns; sourceTree = "<group>"; };
		03A5784627A09F94008CAB75 /* PriceDetailView.swift */ = {isa = PBXFileReference; lastKnownFileType = sourcecode.swift; path = PriceDetailView.swift; sourceTree = "<group>"; };
		03F69B5C275A42D80093E32F /* AmberlertsApp.swift */ = {isa = PBXFileReference; lastKnownFileType = sourcecode.swift; path = AmberlertsApp.swift; sourceTree = "<group>"; };
		03F69B5D275A42D80093E32F /* ContentView.swift */ = {isa = PBXFileReference; lastKnownFileType = sourcecode.swift; path = ContentView.swift; sourceTree = "<group>"; };
		03F69B5E275A42DA0093E32F /* Assets.xcassets */ = {isa = PBXFileReference; lastKnownFileType = folder.assetcatalog; path = Assets.xcassets; sourceTree = "<group>"; };
		03F69B63275A42DA0093E32F /* Amberlerts.app */ = {isa = PBXFileReference; explicitFileType = wrapper.application; includeInIndex = 0; path = Amberlerts.app; sourceTree = BUILT_PRODUCTS_DIR; };
		03F69B70275A42DA0093E32F /* Tests iOS.xctest */ = {isa = PBXFileReference; explicitFileType = wrapper.cfbundle; includeInIndex = 0; path = "Tests iOS.xctest"; sourceTree = BUILT_PRODUCTS_DIR; };
		03F69B74275A42DA0093E32F /* Tests_iOS.swift */ = {isa = PBXFileReference; lastKnownFileType = sourcecode.swift; path = Tests_iOS.swift; sourceTree = "<group>"; };
		03F69B76275A42DA0093E32F /* Tests_iOSLaunchTests.swift */ = {isa = PBXFileReference; lastKnownFileType = sourcecode.swift; path = Tests_iOSLaunchTests.swift; sourceTree = "<group>"; };
		03F69B80275A42DA0093E32F /* Tests_macOS.swift */ = {isa = PBXFileReference; lastKnownFileType = sourcecode.swift; path = Tests_macOS.swift; sourceTree = "<group>"; };
		03F69B82275A42DA0093E32F /* Tests_macOSLaunchTests.swift */ = {isa = PBXFileReference; lastKnownFileType = sourcecode.swift; path = Tests_macOSLaunchTests.swift; sourceTree = "<group>"; };
/* End PBXFileReference section */

/* Begin PBXFrameworksBuildPhase section */
		03A5781F27A09DD1008CAB75 /* Frameworks */ = {
			isa = PBXFrameworksBuildPhase;
			buildActionMask = 2147483647;
			files = (
			);
			runOnlyForDeploymentPostprocessing = 0;
		};
		03F69B60275A42DA0093E32F /* Frameworks */ = {
			isa = PBXFrameworksBuildPhase;
			buildActionMask = 2147483647;
			files = (
			);
			runOnlyForDeploymentPostprocessing = 0;
		};
		03F69B6D275A42DA0093E32F /* Frameworks */ = {
			isa = PBXFrameworksBuildPhase;
			buildActionMask = 2147483647;
			files = (
			);
			runOnlyForDeploymentPostprocessing = 0;
		};
/* End PBXFrameworksBuildPhase section */

/* Begin PBXGroup section */
		031550182760EA12009ABB6C /* Frameworks */ = {
			isa = PBXGroup;
			children = (
				031550192760EA12009ABB6C /* WidgetKit.framework */,
				0315501B2760EA12009ABB6C /* SwiftUI.framework */,
			);
			name = Frameworks;
			sourceTree = "<group>";
		};
		03A5781B27A09DD0008CAB75 /* WatchAmberlerts */ = {
			isa = PBXGroup;
			children = (
				03A5781C27A09DD1008CAB75 /* Assets.xcassets */,
			);
			path = WatchAmberlerts;
			sourceTree = "<group>";
		};
		03A5782627A09DD1008CAB75 /* WatchAmberlerts WatchKit Extension */ = {
			isa = PBXGroup;
			children = (
				03A5782927A09DD1008CAB75 /* ContentView.swift */,
				03A5784627A09F94008CAB75 /* PriceDetailView.swift */,
				03A5782B27A09DD1008CAB75 /* NotificationController.swift */,
				03A5782D27A09DD1008CAB75 /* NotificationView.swift */,
				03A5782F27A09DD1008CAB75 /* ComplicationController.swift */,
				033072B427A13BB4009E17A9 /* ComplicationViews.swift */,
				03A5783127A09DD2008CAB75 /* Assets.xcassets */,
				03A5783627A09DD2008CAB75 /* Info.plist */,
				03A5783727A09DD2008CAB75 /* PushNotificationPayload.apns */,
				03A5783327A09DD2008CAB75 /* Preview Content */,
			);
			path = "WatchAmberlerts WatchKit Extension";
			sourceTree = "<group>";
		};
		03A5783327A09DD2008CAB75 /* Preview Content */ = {
			isa = PBXGroup;
			children = (
				03A5783427A09DD2008CAB75 /* Preview Assets.xcassets */,
			);
			path = "Preview Content";
			sourceTree = "<group>";
		};
		03F69B56275A42D80093E32F = {
			isa = PBXGroup;
			children = (
				035C9B9827662AF2001A45FC /* README.md */,
				035C9B902764B8C5001A45FC /* Amberlerts--iOS--Info.plist */,
				03F69B5B275A42D80093E32F /* Shared */,
				03F69B73275A42DA0093E32F /* Tests iOS */,
				03F69B7F275A42DA0093E32F /* Tests macOS */,
				03A5781B27A09DD0008CAB75 /* WatchAmberlerts */,
				03A5782627A09DD1008CAB75 /* WatchAmberlerts WatchKit Extension */,
				031550182760EA12009ABB6C /* Frameworks */,
				03F69B64275A42DA0093E32F /* Products */,
			);
			sourceTree = "<group>";
		};
		03F69B5B275A42D80093E32F /* Shared */ = {
			isa = PBXGroup;
			children = (
				03F69B5C275A42D80093E32F /* AmberlertsApp.swift */,
				03F69B5D275A42D80093E32F /* ContentView.swift */,
				035C9B9327661398001A45FC /* PriceListItemView.swift */,
				035C9B9727662600001A45FC /* APIConfig.xcconfig */,
				03154FBF2760C510009ABB6C /* Network.swift */,
				03154FC22760C54B009ABB6C /* Model.swift */,
				03F69B5E275A42DA0093E32F /* Assets.xcassets */,
				035C9B912764BC95001A45FC /* PriceDetailView.swift */,
			);
			path = Shared;
			sourceTree = "<group>";
		};
		03F69B64275A42DA0093E32F /* Products */ = {
			isa = PBXGroup;
			children = (
				03F69B63275A42DA0093E32F /* Amberlerts.app */,
				03F69B70275A42DA0093E32F /* Tests iOS.xctest */,
				03A5781A27A09DD0008CAB75 /* WatchAmberlerts.app */,
				03A5782227A09DD1008CAB75 /* WatchAmberlerts WatchKit Extension.appex */,
			);
			name = Products;
			sourceTree = "<group>";
		};
		03F69B73275A42DA0093E32F /* Tests iOS */ = {
			isa = PBXGroup;
			children = (
				03F69B74275A42DA0093E32F /* Tests_iOS.swift */,
				03F69B76275A42DA0093E32F /* Tests_iOSLaunchTests.swift */,
			);
			path = "Tests iOS";
			sourceTree = "<group>";
		};
		03F69B7F275A42DA0093E32F /* Tests macOS */ = {
			isa = PBXGroup;
			children = (
				03F69B80275A42DA0093E32F /* Tests_macOS.swift */,
				03F69B82275A42DA0093E32F /* Tests_macOSLaunchTests.swift */,
			);
			path = "Tests macOS";
			sourceTree = "<group>";
		};
/* End PBXGroup section */

/* Begin PBXNativeTarget section */
		03A5781927A09DD0008CAB75 /* WatchAmberlerts */ = {
			isa = PBXNativeTarget;
			buildConfigurationList = 03A5784227A09DD2008CAB75 /* Build configuration list for PBXNativeTarget "WatchAmberlerts" */;
			buildPhases = (
				03A5781827A09DD0008CAB75 /* Resources */,
				03A5783E27A09DD2008CAB75 /* Embed App Extensions */,
			);
			buildRules = (
			);
			dependencies = (
				03A5782527A09DD1008CAB75 /* PBXTargetDependency */,
			);
			name = WatchAmberlerts;
			productName = WatchAmberlerts;
			productReference = 03A5781A27A09DD0008CAB75 /* WatchAmberlerts.app */;
			productType = "com.apple.product-type.application.watchapp2";
		};
		03A5782127A09DD1008CAB75 /* WatchAmberlerts WatchKit Extension */ = {
			isa = PBXNativeTarget;
			buildConfigurationList = 03A5784127A09DD2008CAB75 /* Build configuration list for PBXNativeTarget "WatchAmberlerts WatchKit Extension" */;
			buildPhases = (
				03A5781E27A09DD1008CAB75 /* Sources */,
				03A5781F27A09DD1008CAB75 /* Frameworks */,
				03A5782027A09DD1008CAB75 /* Resources */,
			);
			buildRules = (
			);
			dependencies = (
			);
			name = "WatchAmberlerts WatchKit Extension";
			productName = "WatchAmberlerts WatchKit Extension";
			productReference = 03A5782227A09DD1008CAB75 /* WatchAmberlerts WatchKit Extension.appex */;
			productType = "com.apple.product-type.watchkit2-extension";
		};
		03F69B62275A42DA0093E32F /* Amberlerts (iOS) */ = {
			isa = PBXNativeTarget;
			buildConfigurationList = 03F69B8C275A42DA0093E32F /* Build configuration list for PBXNativeTarget "Amberlerts (iOS)" */;
			buildPhases = (
				03F69B5F275A42DA0093E32F /* Sources */,
				03F69B60275A42DA0093E32F /* Frameworks */,
				03F69B61275A42DA0093E32F /* Resources */,
				0315502C2760EA13009ABB6C /* Embed App Extensions */,
				03A5783B27A09DD2008CAB75 /* Embed Watch Content */,
			);
			buildRules = (
			);
			dependencies = (
				03A5783927A09DD2008CAB75 /* PBXTargetDependency */,
			);
			name = "Amberlerts (iOS)";
			productName = "Amberlerts (iOS)";
			productReference = 03F69B63275A42DA0093E32F /* Amberlerts.app */;
			productType = "com.apple.product-type.application";
		};
		03F69B6F275A42DA0093E32F /* Tests iOS */ = {
			isa = PBXNativeTarget;
			buildConfigurationList = 03F69B92275A42DA0093E32F /* Build configuration list for PBXNativeTarget "Tests iOS" */;
			buildPhases = (
				03F69B6C275A42DA0093E32F /* Sources */,
				03F69B6D275A42DA0093E32F /* Frameworks */,
				03F69B6E275A42DA0093E32F /* Resources */,
			);
			buildRules = (
			);
			dependencies = (
				03F69B72275A42DA0093E32F /* PBXTargetDependency */,
			);
			name = "Tests iOS";
			productName = "Tests iOS";
			productReference = 03F69B70275A42DA0093E32F /* Tests iOS.xctest */;
			productType = "com.apple.product-type.bundle.ui-testing";
		};
/* End PBXNativeTarget section */

/* Begin PBXProject section */
		03F69B57275A42D80093E32F /* Project object */ = {
			isa = PBXProject;
			attributes = {
				BuildIndependentTargetsInParallel = 1;
				LastSwiftUpdateCheck = 1320;
				LastUpgradeCheck = 1310;
				TargetAttributes = {
					03A5781927A09DD0008CAB75 = {
						CreatedOnToolsVersion = 13.2.1;
					};
					03A5782127A09DD1008CAB75 = {
						CreatedOnToolsVersion = 13.2.1;
					};
					03F69B62275A42DA0093E32F = {
						CreatedOnToolsVersion = 13.1;
					};
					03F69B6F275A42DA0093E32F = {
						CreatedOnToolsVersion = 13.1;
						TestTargetID = 03F69B62275A42DA0093E32F;
					};
				};
			};
			buildConfigurationList = 03F69B5A275A42D80093E32F /* Build configuration list for PBXProject "Amberlerts" */;
			compatibilityVersion = "Xcode 13.0";
			developmentRegion = en;
			hasScannedForEncodings = 0;
			knownRegions = (
				en,
				Base,
			);
			mainGroup = 03F69B56275A42D80093E32F;
			productRefGroup = 03F69B64275A42DA0093E32F /* Products */;
			projectDirPath = "";
			projectRoot = "";
			targets = (
				03F69B62275A42DA0093E32F /* Amberlerts (iOS) */,
				03F69B6F275A42DA0093E32F /* Tests iOS */,
				03A5781927A09DD0008CAB75 /* WatchAmberlerts */,
				03A5782127A09DD1008CAB75 /* WatchAmberlerts WatchKit Extension */,
			);
		};
/* End PBXProject section */

/* Begin PBXResourcesBuildPhase section */
		03A5781827A09DD0008CAB75 /* Resources */ = {
			isa = PBXResourcesBuildPhase;
			buildActionMask = 2147483647;
			files = (
				03A5781D27A09DD1008CAB75 /* Assets.xcassets in Resources */,
			);
			runOnlyForDeploymentPostprocessing = 0;
		};
		03A5782027A09DD1008CAB75 /* Resources */ = {
			isa = PBXResourcesBuildPhase;
			buildActionMask = 2147483647;
			files = (
				03A5783527A09DD2008CAB75 /* Preview Assets.xcassets in Resources */,
				03A5783227A09DD2008CAB75 /* Assets.xcassets in Resources */,
			);
			runOnlyForDeploymentPostprocessing = 0;
		};
		03F69B61275A42DA0093E32F /* Resources */ = {
			isa = PBXResourcesBuildPhase;
			buildActionMask = 2147483647;
			files = (
				03F69B88275A42DA0093E32F /* Assets.xcassets in Resources */,
			);
			runOnlyForDeploymentPostprocessing = 0;
		};
		03F69B6E275A42DA0093E32F /* Resources */ = {
			isa = PBXResourcesBuildPhase;
			buildActionMask = 2147483647;
			files = (
			);
			runOnlyForDeploymentPostprocessing = 0;
		};
/* End PBXResourcesBuildPhase section */

/* Begin PBXSourcesBuildPhase section */
		03A5781E27A09DD1008CAB75 /* Sources */ = {
			isa = PBXSourcesBuildPhase;
			buildActionMask = 2147483647;
			files = (
				03A5784527A09EFF008CAB75 /* Model.swift in Sources */,
				03A5784727A09F94008CAB75 /* PriceDetailView.swift in Sources */,
				03A5782C27A09DD1008CAB75 /* NotificationController.swift in Sources */,
				03A5784327A09EFF008CAB75 /* AmberlertsApp.swift in Sources */,
				03A5784427A09EFF008CAB75 /* Network.swift in Sources */,
				033072B527A13BB4009E17A9 /* ComplicationViews.swift in Sources */,
				03A5782A27A09DD1008CAB75 /* ContentView.swift in Sources */,
				03A5783027A09DD1008CAB75 /* ComplicationController.swift in Sources */,
				03A5782E27A09DD1008CAB75 /* NotificationView.swift in Sources */,
			);
			runOnlyForDeploymentPostprocessing = 0;
		};
		03F69B5F275A42DA0093E32F /* Sources */ = {
			isa = PBXSourcesBuildPhase;
			buildActionMask = 2147483647;
			files = (
				035C9B922764BC95001A45FC /* PriceDetailView.swift in Sources */,
				03F69B86275A42DA0093E32F /* ContentView.swift in Sources */,
				035C9B9427661398001A45FC /* PriceListItemView.swift in Sources */,
				03154FC32760C54B009ABB6C /* Model.swift in Sources */,
				03F69B84275A42DA0093E32F /* AmberlertsApp.swift in Sources */,
				03154FC02760C510009ABB6C /* Network.swift in Sources */,
			);
			runOnlyForDeploymentPostprocessing = 0;
		};
		03F69B6C275A42DA0093E32F /* Sources */ = {
			isa = PBXSourcesBuildPhase;
			buildActionMask = 2147483647;
			files = (
				03F69B77275A42DA0093E32F /* Tests_iOSLaunchTests.swift in Sources */,
				03F69B75275A42DA0093E32F /* Tests_iOS.swift in Sources */,
			);
			runOnlyForDeploymentPostprocessing = 0;
		};
/* End PBXSourcesBuildPhase section */

/* Begin PBXTargetDependency section */
		03A5782527A09DD1008CAB75 /* PBXTargetDependency */ = {
			isa = PBXTargetDependency;
			target = 03A5782127A09DD1008CAB75 /* WatchAmberlerts WatchKit Extension */;
			targetProxy = 03A5782427A09DD1008CAB75 /* PBXContainerItemProxy */;
		};
		03A5783927A09DD2008CAB75 /* PBXTargetDependency */ = {
			isa = PBXTargetDependency;
			target = 03A5781927A09DD0008CAB75 /* WatchAmberlerts */;
			targetProxy = 03A5783827A09DD2008CAB75 /* PBXContainerItemProxy */;
		};
		03F69B72275A42DA0093E32F /* PBXTargetDependency */ = {
			isa = PBXTargetDependency;
			target = 03F69B62275A42DA0093E32F /* Amberlerts (iOS) */;
			targetProxy = 03F69B71275A42DA0093E32F /* PBXContainerItemProxy */;
		};
/* End PBXTargetDependency section */

/* Begin XCBuildConfiguration section */
		03A5783C27A09DD2008CAB75 /* Debug */ = {
			isa = XCBuildConfiguration;
			buildSettings = {
				ALWAYS_EMBED_SWIFT_STANDARD_LIBRARIES = YES;
				ASSETCATALOG_COMPILER_APPICON_NAME = AppIcon;
				ASSETCATALOG_COMPILER_GLOBAL_ACCENT_COLOR_NAME = AccentColor;
				CODE_SIGN_STYLE = Automatic;
				CURRENT_PROJECT_VERSION = 1;
				DEVELOPMENT_TEAM = 9V5S3WLJQR;
				GENERATE_INFOPLIST_FILE = YES;
				IBSC_MODULE = WatchAmberlerts_WatchKit_Extension;
				INFOPLIST_KEY_CFBundleDisplayName = WatchAmberlerts;
				INFOPLIST_KEY_UISupportedInterfaceOrientations = "UIInterfaceOrientationPortrait UIInterfaceOrientationPortraitUpsideDown";
				INFOPLIST_KEY_WKCompanionAppBundleIdentifier = biz.corduroy.Amberlerts;
				MARKETING_VERSION = 1.0;
				PRODUCT_BUNDLE_IDENTIFIER = biz.corduroy.Amberlerts.watchkitapp;
				PRODUCT_NAME = "$(TARGET_NAME)";
				SDKROOT = watchos;
				SKIP_INSTALL = YES;
				SWIFT_EMIT_LOC_STRINGS = YES;
				SWIFT_VERSION = 5.0;
				TARGETED_DEVICE_FAMILY = 4;
				WATCHOS_DEPLOYMENT_TARGET = 8.3;
			};
			name = Debug;
		};
		03A5783D27A09DD2008CAB75 /* Release */ = {
			isa = XCBuildConfiguration;
			buildSettings = {
				ALWAYS_EMBED_SWIFT_STANDARD_LIBRARIES = YES;
				ASSETCATALOG_COMPILER_APPICON_NAME = AppIcon;
				ASSETCATALOG_COMPILER_GLOBAL_ACCENT_COLOR_NAME = AccentColor;
				CODE_SIGN_STYLE = Automatic;
				CURRENT_PROJECT_VERSION = 1;
				DEVELOPMENT_TEAM = 9V5S3WLJQR;
				GENERATE_INFOPLIST_FILE = YES;
				IBSC_MODULE = WatchAmberlerts_WatchKit_Extension;
				INFOPLIST_KEY_CFBundleDisplayName = WatchAmberlerts;
				INFOPLIST_KEY_UISupportedInterfaceOrientations = "UIInterfaceOrientationPortrait UIInterfaceOrientationPortraitUpsideDown";
				INFOPLIST_KEY_WKCompanionAppBundleIdentifier = biz.corduroy.Amberlerts;
				MARKETING_VERSION = 1.0;
				PRODUCT_BUNDLE_IDENTIFIER = biz.corduroy.Amberlerts.watchkitapp;
				PRODUCT_NAME = "$(TARGET_NAME)";
				SDKROOT = watchos;
				SKIP_INSTALL = YES;
				SWIFT_EMIT_LOC_STRINGS = YES;
				SWIFT_VERSION = 5.0;
				TARGETED_DEVICE_FAMILY = 4;
				VALIDATE_PRODUCT = YES;
				WATCHOS_DEPLOYMENT_TARGET = 8.3;
			};
			name = Release;
		};
		03A5783F27A09DD2008CAB75 /* Debug */ = {
			isa = XCBuildConfiguration;
			buildSettings = {
				ASSETCATALOG_COMPILER_COMPLICATION_NAME = Complication;
				CODE_SIGN_STYLE = Automatic;
				CURRENT_PROJECT_VERSION = 1;
				DEVELOPMENT_ASSET_PATHS = "\"WatchAmberlerts WatchKit Extension/Preview Content\"";
				DEVELOPMENT_TEAM = 9V5S3WLJQR;
				ENABLE_PREVIEWS = YES;
				GENERATE_INFOPLIST_FILE = YES;
				INFOPLIST_FILE = "WatchAmberlerts WatchKit Extension/Info.plist";
				INFOPLIST_KEY_CFBundleDisplayName = "WatchAmberlerts WatchKit Extension";
				INFOPLIST_KEY_CLKComplicationPrincipalClass = WatchAmberlerts_WatchKit_Extension.ComplicationController;
				INFOPLIST_KEY_NSHumanReadableCopyright = "";
				INFOPLIST_KEY_WKRunsIndependentlyOfCompanionApp = YES;
				LD_RUNPATH_SEARCH_PATHS = (
					"$(inherited)",
					"@executable_path/Frameworks",
					"@executable_path/../../Frameworks",
				);
				MARKETING_VERSION = 1.0;
				PRODUCT_BUNDLE_IDENTIFIER = biz.corduroy.Amberlerts.watchkitapp.watchkitextension;
				PRODUCT_NAME = "${TARGET_NAME}";
				SDKROOT = watchos;
				SKIP_INSTALL = YES;
				SWIFT_EMIT_LOC_STRINGS = YES;
				SWIFT_VERSION = 5.0;
				TARGETED_DEVICE_FAMILY = 4;
				WATCHOS_DEPLOYMENT_TARGET = 8.3;
			};
			name = Debug;
		};
		03A5784027A09DD2008CAB75 /* Release */ = {
			isa = XCBuildConfiguration;
			buildSettings = {
				ASSETCATALOG_COMPILER_COMPLICATION_NAME = Complication;
				CODE_SIGN_STYLE = Automatic;
				CURRENT_PROJECT_VERSION = 1;
				DEVELOPMENT_ASSET_PATHS = "\"WatchAmberlerts WatchKit Extension/Preview Content\"";
				DEVELOPMENT_TEAM = 9V5S3WLJQR;
				ENABLE_PREVIEWS = YES;
				GENERATE_INFOPLIST_FILE = YES;
				INFOPLIST_FILE = "WatchAmberlerts WatchKit Extension/Info.plist";
				INFOPLIST_KEY_CFBundleDisplayName = "WatchAmberlerts WatchKit Extension";
				INFOPLIST_KEY_CLKComplicationPrincipalClass = WatchAmberlerts_WatchKit_Extension.ComplicationController;
				INFOPLIST_KEY_NSHumanReadableCopyright = "";
				INFOPLIST_KEY_WKRunsIndependentlyOfCompanionApp = YES;
				LD_RUNPATH_SEARCH_PATHS = (
					"$(inherited)",
					"@executable_path/Frameworks",
					"@executable_path/../../Frameworks",
				);
				MARKETING_VERSION = 1.0;
				PRODUCT_BUNDLE_IDENTIFIER = biz.corduroy.Amberlerts.watchkitapp.watchkitextension;
				PRODUCT_NAME = "${TARGET_NAME}";
				SDKROOT = watchos;
				SKIP_INSTALL = YES;
				SWIFT_EMIT_LOC_STRINGS = YES;
				SWIFT_VERSION = 5.0;
				TARGETED_DEVICE_FAMILY = 4;
				VALIDATE_PRODUCT = YES;
				WATCHOS_DEPLOYMENT_TARGET = 8.3;
			};
			name = Release;
		};
		03F69B8A275A42DA0093E32F /* Debug */ = {
			isa = XCBuildConfiguration;
			baseConfigurationReference = 035C9B9727662600001A45FC /* APIConfig.xcconfig */;
			buildSettings = {
				ALWAYS_SEARCH_USER_PATHS = NO;
				CLANG_ANALYZER_NONNULL = YES;
				CLANG_ANALYZER_NUMBER_OBJECT_CONVERSION = YES_AGGRESSIVE;
				CLANG_CXX_LANGUAGE_STANDARD = "gnu++17";
				CLANG_CXX_LIBRARY = "libc++";
				CLANG_ENABLE_MODULES = YES;
				CLANG_ENABLE_OBJC_ARC = YES;
				CLANG_ENABLE_OBJC_WEAK = YES;
				CLANG_WARN_BLOCK_CAPTURE_AUTORELEASING = YES;
				CLANG_WARN_BOOL_CONVERSION = YES;
				CLANG_WARN_COMMA = YES;
				CLANG_WARN_CONSTANT_CONVERSION = YES;
				CLANG_WARN_DEPRECATED_OBJC_IMPLEMENTATIONS = YES;
				CLANG_WARN_DIRECT_OBJC_ISA_USAGE = YES_ERROR;
				CLANG_WARN_DOCUMENTATION_COMMENTS = YES;
				CLANG_WARN_EMPTY_BODY = YES;
				CLANG_WARN_ENUM_CONVERSION = YES;
				CLANG_WARN_INFINITE_RECURSION = YES;
				CLANG_WARN_INT_CONVERSION = YES;
				CLANG_WARN_NON_LITERAL_NULL_CONVERSION = YES;
				CLANG_WARN_OBJC_IMPLICIT_RETAIN_SELF = YES;
				CLANG_WARN_OBJC_LITERAL_CONVERSION = YES;
				CLANG_WARN_OBJC_ROOT_CLASS = YES_ERROR;
				CLANG_WARN_QUOTED_INCLUDE_IN_FRAMEWORK_HEADER = YES;
				CLANG_WARN_RANGE_LOOP_ANALYSIS = YES;
				CLANG_WARN_STRICT_PROTOTYPES = YES;
				CLANG_WARN_SUSPICIOUS_MOVE = YES;
				CLANG_WARN_UNGUARDED_AVAILABILITY = YES_AGGRESSIVE;
				CLANG_WARN_UNREACHABLE_CODE = YES;
				CLANG_WARN__DUPLICATE_METHOD_MATCH = YES;
				COPY_PHASE_STRIP = NO;
				DEBUG_INFORMATION_FORMAT = dwarf;
				ENABLE_STRICT_OBJC_MSGSEND = YES;
				ENABLE_TESTABILITY = YES;
				GCC_C_LANGUAGE_STANDARD = gnu11;
				GCC_DYNAMIC_NO_PIC = NO;
				GCC_NO_COMMON_BLOCKS = YES;
				GCC_OPTIMIZATION_LEVEL = 0;
				GCC_PREPROCESSOR_DEFINITIONS = (
					"DEBUG=1",
					"$(inherited)",
				);
				GCC_WARN_64_TO_32_BIT_CONVERSION = YES;
				GCC_WARN_ABOUT_RETURN_TYPE = YES_ERROR;
				GCC_WARN_UNDECLARED_SELECTOR = YES;
				GCC_WARN_UNINITIALIZED_AUTOS = YES_AGGRESSIVE;
				GCC_WARN_UNUSED_FUNCTION = YES;
				GCC_WARN_UNUSED_VARIABLE = YES;
				MTL_ENABLE_DEBUG_INFO = INCLUDE_SOURCE;
				MTL_FAST_MATH = YES;
				ONLY_ACTIVE_ARCH = YES;
				SWIFT_ACTIVE_COMPILATION_CONDITIONS = DEBUG;
				SWIFT_OPTIMIZATION_LEVEL = "-Onone";
			};
			name = Debug;
		};
		03F69B8B275A42DA0093E32F /* Release */ = {
			isa = XCBuildConfiguration;
			buildSettings = {
				ALWAYS_SEARCH_USER_PATHS = NO;
				CLANG_ANALYZER_NONNULL = YES;
				CLANG_ANALYZER_NUMBER_OBJECT_CONVERSION = YES_AGGRESSIVE;
				CLANG_CXX_LANGUAGE_STANDARD = "gnu++17";
				CLANG_CXX_LIBRARY = "libc++";
				CLANG_ENABLE_MODULES = YES;
				CLANG_ENABLE_OBJC_ARC = YES;
				CLANG_ENABLE_OBJC_WEAK = YES;
				CLANG_WARN_BLOCK_CAPTURE_AUTORELEASING = YES;
				CLANG_WARN_BOOL_CONVERSION = YES;
				CLANG_WARN_COMMA = YES;
				CLANG_WARN_CONSTANT_CONVERSION = YES;
				CLANG_WARN_DEPRECATED_OBJC_IMPLEMENTATIONS = YES;
				CLANG_WARN_DIRECT_OBJC_ISA_USAGE = YES_ERROR;
				CLANG_WARN_DOCUMENTATION_COMMENTS = YES;
				CLANG_WARN_EMPTY_BODY = YES;
				CLANG_WARN_ENUM_CONVERSION = YES;
				CLANG_WARN_INFINITE_RECURSION = YES;
				CLANG_WARN_INT_CONVERSION = YES;
				CLANG_WARN_NON_LITERAL_NULL_CONVERSION = YES;
				CLANG_WARN_OBJC_IMPLICIT_RETAIN_SELF = YES;
				CLANG_WARN_OBJC_LITERAL_CONVERSION = YES;
				CLANG_WARN_OBJC_ROOT_CLASS = YES_ERROR;
				CLANG_WARN_QUOTED_INCLUDE_IN_FRAMEWORK_HEADER = YES;
				CLANG_WARN_RANGE_LOOP_ANALYSIS = YES;
				CLANG_WARN_STRICT_PROTOTYPES = YES;
				CLANG_WARN_SUSPICIOUS_MOVE = YES;
				CLANG_WARN_UNGUARDED_AVAILABILITY = YES_AGGRESSIVE;
				CLANG_WARN_UNREACHABLE_CODE = YES;
				CLANG_WARN__DUPLICATE_METHOD_MATCH = YES;
				COPY_PHASE_STRIP = NO;
				DEBUG_INFORMATION_FORMAT = "dwarf-with-dsym";
				ENABLE_NS_ASSERTIONS = NO;
				ENABLE_STRICT_OBJC_MSGSEND = YES;
				GCC_C_LANGUAGE_STANDARD = gnu11;
				GCC_NO_COMMON_BLOCKS = YES;
				GCC_WARN_64_TO_32_BIT_CONVERSION = YES;
				GCC_WARN_ABOUT_RETURN_TYPE = YES_ERROR;
				GCC_WARN_UNDECLARED_SELECTOR = YES;
				GCC_WARN_UNINITIALIZED_AUTOS = YES_AGGRESSIVE;
				GCC_WARN_UNUSED_FUNCTION = YES;
				GCC_WARN_UNUSED_VARIABLE = YES;
				MTL_ENABLE_DEBUG_INFO = NO;
				MTL_FAST_MATH = YES;
				SWIFT_COMPILATION_MODE = wholemodule;
				SWIFT_OPTIMIZATION_LEVEL = "-O";
			};
			name = Release;
		};
		03F69B8D275A42DA0093E32F /* Debug */ = {
			isa = XCBuildConfiguration;
			baseConfigurationReference = 035C9B9727662600001A45FC /* APIConfig.xcconfig */;
			buildSettings = {
				ASSETCATALOG_COMPILER_APPICON_NAME = AppIcon;
				ASSETCATALOG_COMPILER_GLOBAL_ACCENT_COLOR_NAME = AccentColor;
				CODE_SIGN_STYLE = Automatic;
				CURRENT_PROJECT_VERSION = 1;
				DEVELOPMENT_TEAM = 9V5S3WLJQR;
				ENABLE_PREVIEWS = YES;
				GENERATE_INFOPLIST_FILE = YES;
				INFOPLIST_FILE = "Amberlerts--iOS--Info.plist";
				INFOPLIST_KEY_UIApplicationSceneManifest_Generation = YES;
				INFOPLIST_KEY_UIApplicationSupportsIndirectInputEvents = YES;
				INFOPLIST_KEY_UILaunchScreen_Generation = YES;
				INFOPLIST_KEY_UISupportedInterfaceOrientations = "UIInterfaceOrientationPortrait UIInterfaceOrientationLandscapeLeft UIInterfaceOrientationLandscapeRight UIInterfaceOrientationPortraitUpsideDown";
				INFOPLIST_KEY_UISupportedInterfaceOrientations_iPad = "UIInterfaceOrientationPortrait UIInterfaceOrientationPortraitUpsideDown UIInterfaceOrientationLandscapeLeft UIInterfaceOrientationLandscapeRight";
				INFOPLIST_KEY_UISupportedInterfaceOrientations_iPhone = "UIInterfaceOrientationPortrait UIInterfaceOrientationLandscapeLeft UIInterfaceOrientationLandscapeRight";
				IPHONEOS_DEPLOYMENT_TARGET = 15.0;
				LD_RUNPATH_SEARCH_PATHS = (
					"$(inherited)",
					"@executable_path/Frameworks",
				);
				MARKETING_VERSION = 1.0;
				PRODUCT_BUNDLE_IDENTIFIER = biz.corduroy.Amberlerts;
				PRODUCT_NAME = Amberlerts;
				SDKROOT = iphoneos;
				SWIFT_EMIT_LOC_STRINGS = YES;
				SWIFT_VERSION = 5.0;
				TARGETED_DEVICE_FAMILY = "1,2";
			};
			name = Debug;
		};
		03F69B8E275A42DA0093E32F /* Release */ = {
			isa = XCBuildConfiguration;
			buildSettings = {
				ASSETCATALOG_COMPILER_APPICON_NAME = AppIcon;
				ASSETCATALOG_COMPILER_GLOBAL_ACCENT_COLOR_NAME = AccentColor;
				CODE_SIGN_STYLE = Automatic;
				CURRENT_PROJECT_VERSION = 1;
				DEVELOPMENT_TEAM = 9V5S3WLJQR;
				ENABLE_PREVIEWS = YES;
				GENERATE_INFOPLIST_FILE = YES;
				INFOPLIST_FILE = "Amberlerts--iOS--Info.plist";
				INFOPLIST_KEY_UIApplicationSceneManifest_Generation = YES;
				INFOPLIST_KEY_UIApplicationSupportsIndirectInputEvents = YES;
				INFOPLIST_KEY_UILaunchScreen_Generation = YES;
				INFOPLIST_KEY_UISupportedInterfaceOrientations = "UIInterfaceOrientationPortrait UIInterfaceOrientationLandscapeLeft UIInterfaceOrientationLandscapeRight UIInterfaceOrientationPortraitUpsideDown";
				INFOPLIST_KEY_UISupportedInterfaceOrientations_iPad = "UIInterfaceOrientationPortrait UIInterfaceOrientationPortraitUpsideDown UIInterfaceOrientationLandscapeLeft UIInterfaceOrientationLandscapeRight";
				INFOPLIST_KEY_UISupportedInterfaceOrientations_iPhone = "UIInterfaceOrientationPortrait UIInterfaceOrientationLandscapeLeft UIInterfaceOrientationLandscapeRight";
				IPHONEOS_DEPLOYMENT_TARGET = 15.0;
				LD_RUNPATH_SEARCH_PATHS = (
					"$(inherited)",
					"@executable_path/Frameworks",
				);
				MARKETING_VERSION = 1.0;
				PRODUCT_BUNDLE_IDENTIFIER = biz.corduroy.Amberlerts;
				PRODUCT_NAME = Amberlerts;
				SDKROOT = iphoneos;
				SWIFT_EMIT_LOC_STRINGS = YES;
				SWIFT_VERSION = 5.0;
				TARGETED_DEVICE_FAMILY = "1,2";
				VALIDATE_PRODUCT = YES;
			};
			name = Release;
		};
		03F69B93275A42DA0093E32F /* Debug */ = {
			isa = XCBuildConfiguration;
			buildSettings = {
				ALWAYS_EMBED_SWIFT_STANDARD_LIBRARIES = YES;
				CODE_SIGN_STYLE = Automatic;
				CURRENT_PROJECT_VERSION = 1;
				DEVELOPMENT_TEAM = 9V5S3WLJQR;
				GENERATE_INFOPLIST_FILE = YES;
				IPHONEOS_DEPLOYMENT_TARGET = 15.0;
				LD_RUNPATH_SEARCH_PATHS = (
					"$(inherited)",
					"@executable_path/Frameworks",
					"@loader_path/Frameworks",
				);
				MARKETING_VERSION = 1.0;
				PRODUCT_BUNDLE_IDENTIFIER = "biz.corduroy.Tests-iOS";
				PRODUCT_NAME = "$(TARGET_NAME)";
				SDKROOT = iphoneos;
				SWIFT_EMIT_LOC_STRINGS = NO;
				SWIFT_VERSION = 5.0;
				TARGETED_DEVICE_FAMILY = "1,2";
				TEST_TARGET_NAME = "Amberlerts (iOS)";
			};
			name = Debug;
		};
		03F69B94275A42DA0093E32F /* Release */ = {
			isa = XCBuildConfiguration;
			buildSettings = {
				ALWAYS_EMBED_SWIFT_STANDARD_LIBRARIES = YES;
				CODE_SIGN_STYLE = Automatic;
				CURRENT_PROJECT_VERSION = 1;
				DEVELOPMENT_TEAM = 9V5S3WLJQR;
				GENERATE_INFOPLIST_FILE = YES;
				IPHONEOS_DEPLOYMENT_TARGET = 15.0;
				LD_RUNPATH_SEARCH_PATHS = (
					"$(inherited)",
					"@executable_path/Frameworks",
					"@loader_path/Frameworks",
				);
				MARKETING_VERSION = 1.0;
				PRODUCT_BUNDLE_IDENTIFIER = "biz.corduroy.Tests-iOS";
				PRODUCT_NAME = "$(TARGET_NAME)";
				SDKROOT = iphoneos;
				SWIFT_EMIT_LOC_STRINGS = NO;
				SWIFT_VERSION = 5.0;
				TARGETED_DEVICE_FAMILY = "1,2";
				TEST_TARGET_NAME = "Amberlerts (iOS)";
				VALIDATE_PRODUCT = YES;
			};
			name = Release;
		};
/* End XCBuildConfiguration section */

/* Begin XCConfigurationList section */
		03A5784127A09DD2008CAB75 /* Build configuration list for PBXNativeTarget "WatchAmberlerts WatchKit Extension" */ = {
			isa = XCConfigurationList;
			buildConfigurations = (
				03A5783F27A09DD2008CAB75 /* Debug */,
				03A5784027A09DD2008CAB75 /* Release */,
			);
			defaultConfigurationIsVisible = 0;
			defaultConfigurationName = Release;
		};
		03A5784227A09DD2008CAB75 /* Build configuration list for PBXNativeTarget "WatchAmberlerts" */ = {
			isa = XCConfigurationList;
			buildConfigurations = (
				03A5783C27A09DD2008CAB75 /* Debug */,
				03A5783D27A09DD2008CAB75 /* Release */,
			);
			defaultConfigurationIsVisible = 0;
			defaultConfigurationName = Release;
		};
		03F69B5A275A42D80093E32F /* Build configuration list for PBXProject "Amberlerts" */ = {
			isa = XCConfigurationList;
			buildConfigurations = (
				03F69B8A275A42DA0093E32F /* Debug */,
				03F69B8B275A42DA0093E32F /* Release */,
			);
			defaultConfigurationIsVisible = 0;
			defaultConfigurationName = Release;
		};
		03F69B8C275A42DA0093E32F /* Build configuration list for PBXNativeTarget "Amberlerts (iOS)" */ = {
			isa = XCConfigurationList;
			buildConfigurations = (
				03F69B8D275A42DA0093E32F /* Debug */,
				03F69B8E275A42DA0093E32F /* Release */,
			);
			defaultConfigurationIsVisible = 0;
			defaultConfigurationName = Release;
		};
		03F69B92275A42DA0093E32F /* Build configuration list for PBXNativeTarget "Tests iOS" */ = {
			isa = XCConfigurationList;
			buildConfigurations = (
				03F69B93275A42DA0093E32F /* Debug */,
				03F69B94275A42DA0093E32F /* Release */,
			);
			defaultConfigurationIsVisible = 0;
			defaultConfigurationName = Release;
		};
/* End XCConfigurationList section */
	};
	rootObject = 03F69B57275A42D80093E32F /* Project object */;
}
